
Microsoft Visual Studio Solution File, Format Version 12.00
# Visual Studio Version 17
VisualStudioVersion = 17.8.34511.84
MinimumVisualStudioVersion = 10.0.40219.1
Project("{8BC9CEB8-8B4A-11D0-8D11-00A0C91BC942}") = "4week", "4week\4week.vcxproj", "{0F9F56DA-0497-4D1A-A51F-CC72087BA362}"
EndProject
Global
	GlobalSection(SolutionConfigurationPlatforms) = preSolution
		Debug|x64 = Debug|x64
		Debug|x86 = Debug|x86
		Release|x64 = Release|x64
		Release|x86 = Release|x86
	EndGlobalSection
	GlobalSection(ProjectConfigurationPlatforms) = postSolution
		{0F9F56DA-0497-4D1A-A51F-CC72087BA362}.Debug|x64.ActiveCfg = Debug|x64
		{0F9F56DA-0497-4D1A-A51F-CC72087BA362}.Debug|x64.Build.0 = Debug|x64
		{0F9F56DA-0497-4D1A-A51F-CC72087BA362}.Debug|x86.ActiveCfg = Debug|Win32
		{0F9F56DA-0497-4D1A-A51F-CC72087BA362}.Debug|x86.Build.0 = Debug|Win32
		{0F9F56DA-0497-4D1A-A51F-CC72087BA362}.Release|x64.ActiveCfg = Release|x64
		{0F9F56DA-0497-4D1A-A51F-CC72087BA362}.Release|x64.Build.0 = Release|x64
		{0F9F56DA-0497-4D1A-A51F-CC72087BA362}.Release|x86.ActiveCfg = Release|Win32
		{0F9F56DA-0497-4D1A-A51F-CC72087BA362}.Release|x86.Build.0 = Release|Win32
	EndGlobalSection
	GlobalSection(SolutionProperties) = preSolution
		HideSolutionNode = FALSE
	EndGlobalSection
	GlobalSection(ExtensibilityGlobals) = postSolution
		SolutionGuid = {C6C776B3-E23C-42B5-91B9-7B7F55990352}
	EndGlobalSection
EndGlobal
